
Microsoft Visual Studio Solution File, Format Version 12.00
# Visual Studio Version 17
VisualStudioVersion = 17.9.34622.214
MinimumVisualStudioVersion = 10.0.40219.1
Project("{FAE04EC0-301F-11D3-BF4B-00C04F79EFBC}") = "exercicio_matriz3", "exercicio_matriz3\exercicio_matriz3.csproj", "{740B5955-A061-493C-9A18-F477CD24F67F}"
EndProject
Global
	GlobalSection(SolutionConfigurationPlatforms) = preSolution
		Debug|Any CPU = Debug|Any CPU
		Release|Any CPU = Release|Any CPU
	EndGlobalSection
	GlobalSection(ProjectConfigurationPlatforms) = postSolution
		{740B5955-A061-493C-9A18-F477CD24F67F}.Debug|Any CPU.ActiveCfg = Debug|Any CPU
		{740B5955-A061-493C-9A18-F477CD24F67F}.Debug|Any CPU.Build.0 = Debug|Any CPU
		{740B5955-A061-493C-9A18-F477CD24F67F}.Release|Any CPU.ActiveCfg = Release|Any CPU
		{740B5955-A061-493C-9A18-F477CD24F67F}.Release|Any CPU.Build.0 = Release|Any CPU
	EndGlobalSection
	GlobalSection(SolutionProperties) = preSolution
		HideSolutionNode = FALSE
	EndGlobalSection
	GlobalSection(ExtensibilityGlobals) = postSolution
		SolutionGuid = {01CC4A05-B9EF-48D4-82E9-266A767DFEEA}
	EndGlobalSection
EndGlobal
