
Microsoft Visual Studio Solution File, Format Version 12.00
# Visual Studio Version 17
VisualStudioVersion = 17.9.34622.214
MinimumVisualStudioVersion = 10.0.40219.1
Project("{FAE04EC0-301F-11D3-BF4B-00C04F79EFBC}") = "matriz", "matriz\matriz.csproj", "{A60C4865-BE5D-4599-BEFF-EB92785F3E95}"
EndProject
Global
	GlobalSection(SolutionConfigurationPlatforms) = preSolution
		Debug|Any CPU = Debug|Any CPU
		Release|Any CPU = Release|Any CPU
	EndGlobalSection
	GlobalSection(ProjectConfigurationPlatforms) = postSolution
		{A60C4865-BE5D-4599-BEFF-EB92785F3E95}.Debug|Any CPU.ActiveCfg = Debug|Any CPU
		{A60C4865-BE5D-4599-BEFF-EB92785F3E95}.Debug|Any CPU.Build.0 = Debug|Any CPU
		{A60C4865-BE5D-4599-BEFF-EB92785F3E95}.Release|Any CPU.ActiveCfg = Release|Any CPU
		{A60C4865-BE5D-4599-BEFF-EB92785F3E95}.Release|Any CPU.Build.0 = Release|Any CPU
	EndGlobalSection
	GlobalSection(SolutionProperties) = preSolution
		HideSolutionNode = FALSE
	EndGlobalSection
	GlobalSection(ExtensibilityGlobals) = postSolution
		SolutionGuid = {AFA0DE32-A644-4D71-A7FD-3189EBFAA8E2}
	EndGlobalSection
EndGlobal
