
Microsoft Visual Studio Solution File, Format Version 12.00
# Visual Studio Version 17
VisualStudioVersion = 17.9.34622.214
MinimumVisualStudioVersion = 10.0.40219.1
Project("{FAE04EC0-301F-11D3-BF4B-00C04F79EFBC}") = "exercicio1matriz", "exercicio1matriz\exercicio1matriz.csproj", "{B483B7EC-0ED3-48EF-98AE-15077B0BA3F6}"
EndProject
Global
	GlobalSection(SolutionConfigurationPlatforms) = preSolution
		Debug|Any CPU = Debug|Any CPU
		Release|Any CPU = Release|Any CPU
	EndGlobalSection
	GlobalSection(ProjectConfigurationPlatforms) = postSolution
		{B483B7EC-0ED3-48EF-98AE-15077B0BA3F6}.Debug|Any CPU.ActiveCfg = Debug|Any CPU
		{B483B7EC-0ED3-48EF-98AE-15077B0BA3F6}.Debug|Any CPU.Build.0 = Debug|Any CPU
		{B483B7EC-0ED3-48EF-98AE-15077B0BA3F6}.Release|Any CPU.ActiveCfg = Release|Any CPU
		{B483B7EC-0ED3-48EF-98AE-15077B0BA3F6}.Release|Any CPU.Build.0 = Release|Any CPU
	EndGlobalSection
	GlobalSection(SolutionProperties) = preSolution
		HideSolutionNode = FALSE
	EndGlobalSection
	GlobalSection(ExtensibilityGlobals) = postSolution
		SolutionGuid = {08AC4984-F2DB-44A1-9514-F148F3620455}
	EndGlobalSection
EndGlobal
